hash: 4a2d0cb901c964e4287519ea2fbb2357eb93fe667ad82ff87c3194d7a6281ff5
updated: 2016-06-04T13:45:50.212449801-04:00
imports:
- name: github.com/aws/aws-sdk-go
  version: c924893c38ecc04b18d7aab8a7aa561cb8b4c4cc
  subpackages:
  - aws
  - aws/credentials
  - aws/credentials/ec2rolecreds
  - aws/ec2metadata
  - aws/session
  - service/ec2
  - aws/awserr
  - aws/client
  - aws/client/metadata
  - aws/request
  - aws/corehandlers
  - aws/defaults
  - private/endpoints
  - aws/awsutil
  - private/protocol
  - private/protocol/ec2query
  - private/signer/v4
  - private/waiter
  - private/protocol/query/queryutil
  - private/protocol/xml/xmlutil
  - private/protocol/rest
- name: github.com/go-ini/ini
  version: 72ba3e6b9e6b87e0c74c9a7a4dc86e8dd8ba4355
- name: github.com/golang/glog
  version: 23def4e6c14b4da8ac2ed8007337bc5eb5007998
- name: github.com/jmespath/go-jmespath
  version: 3433f3ea46d9f8019119e7dd41274e112a2359a9
- name: github.com/spf13/pflag
  version: cb88ea77998c3f024757528e3305022ab50b43be
- name: k8s.io/kubernetes
  version: 95e25356825a3841a34a98732e577a3262f928a1
  subpackages:
  - pkg/util/runtime
  - pkg/util/wait
devImports: []
